
Microsoft Visual Studio Solution File, Format Version 12.00
# Visual Studio 2013
VisualStudioVersion = 12.0.40629.0
MinimumVisualStudioVersion = 10.0.40219.1
Project("{FAE04EC0-301F-11D3-BF4B-00C04F79EFBC}") = "HelloWCF", "HelloWCF\HelloWCF.csproj", "{76C9C219-CC26-4E96-BA64-D7917A25F961}"
EndProject
Project("{FAE04EC0-301F-11D3-BF4B-00C04F79EFBC}") = "HelloWCFClient", "HelloWCFClient\HelloWCFClient.csproj", "{D6031C3C-6E45-45D8-BFD4-4FE99E366F67}"
	ProjectSection(ProjectDependencies) = postProject
		{76C9C219-CC26-4E96-BA64-D7917A25F961} = {76C9C219-CC26-4E96-BA64-D7917A25F961}
	EndProjectSection
EndProject
Global
	GlobalSection(TeamFoundationVersionControl) = preSolution
		SccNumberOfProjects = 3
		SccEnterpriseProvider = {4CA58AB2-18FA-4F8D-95D4-32DDF27D184C}
		SccTeamFoundationServer = https://tfs.codeplex.com/tfs/tfs41
		SccLocalPath0 = .
		SccProjectUniqueName1 = HelloWCF\\HelloWCF.csproj
		SccProjectName1 = HelloWCF
		SccLocalPath1 = HelloWCF
		SccProjectUniqueName2 = HelloWCFClient\\HelloWCFClient.csproj
		SccProjectName2 = HelloWCFClient
		SccLocalPath2 = HelloWCFClient
	EndGlobalSection
	GlobalSection(SolutionConfigurationPlatforms) = preSolution
		Debug|Any CPU = Debug|Any CPU
		Release|Any CPU = Release|Any CPU
	EndGlobalSection
	GlobalSection(ProjectConfigurationPlatforms) = postSolution
		{76C9C219-CC26-4E96-BA64-D7917A25F961}.Debug|Any CPU.ActiveCfg = Debug|Any CPU
		{76C9C219-CC26-4E96-BA64-D7917A25F961}.Debug|Any CPU.Build.0 = Debug|Any CPU
		{76C9C219-CC26-4E96-BA64-D7917A25F961}.Release|Any CPU.ActiveCfg = Release|Any CPU
		{76C9C219-CC26-4E96-BA64-D7917A25F961}.Release|Any CPU.Build.0 = Release|Any CPU
		{D6031C3C-6E45-45D8-BFD4-4FE99E366F67}.Debug|Any CPU.ActiveCfg = Debug|Any CPU
		{D6031C3C-6E45-45D8-BFD4-4FE99E366F67}.Debug|Any CPU.Build.0 = Debug|Any CPU
		{D6031C3C-6E45-45D8-BFD4-4FE99E366F67}.Release|Any CPU.ActiveCfg = Release|Any CPU
		{D6031C3C-6E45-45D8-BFD4-4FE99E366F67}.Release|Any CPU.Build.0 = Release|Any CPU
	EndGlobalSection
	GlobalSection(SolutionProperties) = preSolution
		HideSolutionNode = FALSE
	EndGlobalSection
EndGlobal
